# This file is autogenerated, do not edit; changes may be undone by the next 'dep ensure'.


[[projects]]
  branch = "master"
  digest = "1:193592f2e47f65c759f2d48b37a840d7baaebeab3d9073b33c4c5b57497d9417"
  name = "github.com/patrikeh/go-deep"
  packages = [
    ".",
    "training",
  ]
  pruneopts = "UT"
  revision = "f06237cf31379d3d3d4fa45845398ca8996cfd8f"

[solve-meta]
  analyzer-name = "dep"
  analyzer-version = 1
  input-imports = [
    "github.com/patrikeh/go-deep",
    "github.com/patrikeh/go-deep/training",
  ]
  solver-name = "gps-cdcl"
  solver-version = 1
